
Microsoft Visual Studio Solution File, Format Version 12.00
# Visual Studio 15
VisualStudioVersion = 15.0.27703.2042
MinimumVisualStudioVersion = 10.0.40219.1
Project("{FAE04EC0-301F-11D3-BF4B-00C04F79EFBC}") = "CursoCSharpCod3r", "CursoCSharpCod3r\CursoCSharpCod3r.csproj", "{BF48D867-1853-4AF1-A430-05A7A1BA393E}"
EndProject
Global
	GlobalSection(SolutionConfigurationPlatforms) = preSolution
		Debug|Any CPU = Debug|Any CPU
		Release|Any CPU = Release|Any CPU
	EndGlobalSection
	GlobalSection(ProjectConfigurationPlatforms) = postSolution
		{BF48D867-1853-4AF1-A430-05A7A1BA393E}.Debug|Any CPU.ActiveCfg = Debug|Any CPU
		{BF48D867-1853-4AF1-A430-05A7A1BA393E}.Debug|Any CPU.Build.0 = Debug|Any CPU
		{BF48D867-1853-4AF1-A430-05A7A1BA393E}.Release|Any CPU.ActiveCfg = Release|Any CPU
		{BF48D867-1853-4AF1-A430-05A7A1BA393E}.Release|Any CPU.Build.0 = Release|Any CPU
	EndGlobalSection
	GlobalSection(SolutionProperties) = preSolution
		HideSolutionNode = FALSE
	EndGlobalSection
	GlobalSection(ExtensibilityGlobals) = postSolution
		SolutionGuid = {FFE0498A-002B-4411-8D20-71E59D8BAABA}
	EndGlobalSection
EndGlobal
